
Microsoft Visual Studio Solution File, Format Version 12.00
# Visual Studio 15
Project("{FAE04EC0-301F-11D3-BF4B-00C04F79EFBC}") = "Assembly-CSharp-firstpass", "Assembly-CSharp-firstpass.csproj", "{20EF2E82-1EE5-620D-0276-8A95B8DBB0E6}"
EndProject
Project("{FAE04EC0-301F-11D3-BF4B-00C04F79EFBC}") = "Assembly-CSharp", "Assembly-CSharp.csproj", "{10D90BE0-7A56-2D32-640C-78E7FAAE8483}"
EndProject
Global
	GlobalSection(SolutionConfigurationPlatforms) = preSolution
		Debug|Any CPU = Debug|Any CPU
		Release|Any CPU = Release|Any CPU
	EndGlobalSection
	GlobalSection(ProjectConfigurationPlatforms) = postSolution
		{20EF2E82-1EE5-620D-0276-8A95B8DBB0E6}.Debug|Any CPU.ActiveCfg = Debug|Any CPU
		{20EF2E82-1EE5-620D-0276-8A95B8DBB0E6}.Debug|Any CPU.Build.0 = Debug|Any CPU
		{20EF2E82-1EE5-620D-0276-8A95B8DBB0E6}.Release|Any CPU.ActiveCfg = Release|Any CPU
		{20EF2E82-1EE5-620D-0276-8A95B8DBB0E6}.Release|Any CPU.Build.0 = Release|Any CPU
		{10D90BE0-7A56-2D32-640C-78E7FAAE8483}.Debug|Any CPU.ActiveCfg = Debug|Any CPU
		{10D90BE0-7A56-2D32-640C-78E7FAAE8483}.Debug|Any CPU.Build.0 = Debug|Any CPU
		{10D90BE0-7A56-2D32-640C-78E7FAAE8483}.Release|Any CPU.ActiveCfg = Release|Any CPU
		{10D90BE0-7A56-2D32-640C-78E7FAAE8483}.Release|Any CPU.Build.0 = Release|Any CPU
	EndGlobalSection
	GlobalSection(SolutionProperties) = preSolution
		HideSolutionNode = FALSE
	EndGlobalSection
EndGlobal
